
Microsoft Visual Studio Solution File, Format Version 12.00
# Visual Studio Version 17
VisualStudioVersion = 17.1.32414.318
MinimumVisualStudioVersion = 10.0.40219.1
Project("{FAE04EC0-301F-11D3-BF4B-00C04F79EFBC}") = "PLC_Management", "PLC_Management\PLC_Management.csproj", "{D180E8DF-1220-4E22-A678-3CC8909D059A}"
EndProject
Global
	GlobalSection(SolutionConfigurationPlatforms) = preSolution
		Debug|Any CPU = Debug|Any CPU
		Release|Any CPU = Release|Any CPU
	EndGlobalSection
	GlobalSection(ProjectConfigurationPlatforms) = postSolution
		{D180E8DF-1220-4E22-A678-3CC8909D059A}.Debug|Any CPU.ActiveCfg = Debug|Any CPU
		{D180E8DF-1220-4E22-A678-3CC8909D059A}.Debug|Any CPU.Build.0 = Debug|Any CPU
		{D180E8DF-1220-4E22-A678-3CC8909D059A}.Release|Any CPU.ActiveCfg = Release|Any CPU
		{D180E8DF-1220-4E22-A678-3CC8909D059A}.Release|Any CPU.Build.0 = Release|Any CPU
	EndGlobalSection
	GlobalSection(SolutionProperties) = preSolution
		HideSolutionNode = FALSE
	EndGlobalSection
	GlobalSection(ExtensibilityGlobals) = postSolution
		SolutionGuid = {57539BAD-449E-440A-B03B-388D25EAF7E6}
	EndGlobalSection
EndGlobal
